// !$*UTF8*$!
{
	archiveVersion = 1;
	classes = {
	};
	objectVersion = 48;
	objects = {

/* Begin PBXBuildFile section */
		F307444F1CF5E5E4002BADEC /* AppDelegate.swift in Sources */ = {isa = PBXBuildFile; fileRef = F307444E1CF5E5E4002BADEC /* AppDelegate.swift */; };
		F30744511CF5E5E4002BADEC /* ViewController.swift in Sources */ = {isa = PBXBuildFile; fileRef = F30744501CF5E5E4002BADEC /* ViewController.swift */; };
		F30744541CF5E5E5002BADEC /* Main.storyboard in Resources */ = {isa = PBXBuildFile; fileRef = F30744521CF5E5E5002BADEC /* Main.storyboard */; };
		F30744561CF5E5E5002BADEC /* Assets.xcassets in Resources */ = {isa = PBXBuildFile; fileRef = F30744551CF5E5E5002BADEC /* Assets.xcassets */; };
		F30744591CF5E5E5002BADEC /* LaunchScreen.storyboard in Resources */ = {isa = PBXBuildFile; fileRef = F30744571CF5E5E5002BADEC /* LaunchScreen.storyboard */; };
		F30744641CF5E5E5002BADEC /* CalculatorTests.swift in Sources */ = {isa = PBXBuildFile; fileRef = F30744631CF5E5E5002BADEC /* CalculatorTests.swift */; };
		F307446F1CF5E5E5002BADEC /* CalculatorUITests.swift in Sources */ = {isa = PBXBuildFile; fileRef = F307446E1CF5E5E5002BADEC /* CalculatorUITests.swift */; };
/* End PBXBuildFile section */

/* Begin PBXContainerItemProxy section */
		F30744601CF5E5E5002BADEC /* PBXContainerItemProxy */ = {
			isa = PBXContainerItemProxy;
			containerPortal = F30744431CF5E5E4002BADEC /* Project object */;
			proxyType = 1;
			remoteGlobalIDString = F307444A1CF5E5E4002BADEC;
			remoteInfo = Calculator;
		};
		F307446B1CF5E5E5002BADEC /* PBXContainerItemProxy */ = {
			isa = PBXContainerItemProxy;
			containerPortal = F30744431CF5E5E4002BADEC /* Project object */;
			proxyType = 1;
			remoteGlobalIDString = F307444A1CF5E5E4002BADEC;
			remoteInfo = Calculator;
		};
/* End PBXContainerItemProxy section */

/* Begin PBXFileReference section */
		F307444B1CF5E5E4002BADEC /* Calculator.app */ = {isa = PBXFileReference; explicitFileType = wrapper.application; includeInIndex = 0; path = Calculator.app; sourceTree = BUILT_PRODUCTS_DIR; };
		F307444E1CF5E5E4002BADEC /* AppDelegate.swift */ = {isa = PBXFileReference; lastKnownFileType = sourcecode.swift; path = AppDelegate.swift; sourceTree = "<group>"; };
		F30744501CF5E5E4002BADEC /* ViewController.swift */ = {isa = PBXFileReference; lastKnownFileType = sourcecode.swift; path = ViewController.swift; sourceTree = "<group>"; };
		F30744531CF5E5E5002BADEC /* Base */ = {isa = PBXFileReference; lastKnownFileType = file.storyboard; name = Base; path = Base.lproj/Main.storyboard; sourceTree = "<group>"; };
		F30744551CF5E5E5002BADEC /* Assets.xcassets */ = {isa = PBXFileReference; lastKnownFileType = folder.assetcatalog; path = Assets.xcassets; sourceTree = "<group>"; };
		F30744581CF5E5E5002BADEC /* Base */ = {isa = PBXFileReference; lastKnownFileType = file.storyboard; name = Base; path = Base.lproj/LaunchScreen.storyboard; sourceTree = "<group>"; };
		F307445A1CF5E5E5002BADEC /* Info.plist */ = {isa = PBXFileReference; lastKnownFileType = text.plist.xml; path = Info.plist; sourceTree = "<group>"; };
		F307445F1CF5E5E5002BADEC /* CalculatorTests.xctest */ = {isa = PBXFileReference; explicitFileType = wrapper.cfbundle; includeInIndex = 0; path = CalculatorTests.xctest; sourceTree = BUILT_PRODUCTS_DIR; };
		F30744631CF5E5E5002BADEC /* CalculatorTests.swift */ = {isa = PBXFileReference; lastKnownFileType = sourcecode.swift; path = CalculatorTests.swift; sourceTree = "<group>"; };
		F30744651CF5E5E5002BADEC /* Info.plist */ = {isa = PBXFileReference; lastKnownFileType = text.plist.xml; path = Info.plist; sourceTree = "<group>"; };
		F307446A1CF5E5E5002BADEC /* CalculatorUITests.xctest */ = {isa = PBXFileReference; explicitFileType = wrapper.cfbundle; includeInIndex = 0; path = CalculatorUITests.xctest; sourceTree = BUILT_PRODUCTS_DIR; };
		F307446E1CF5E5E5002BADEC /* CalculatorUITests.swift */ = {isa = PBXFileReference; lastKnownFileType = sourcecode.swift; path = CalculatorUITests.swift; sourceTree = "<group>"; };
		F30744701CF5E5E5002BADEC /* Info.plist */ = {isa = PBXFileReference; lastKnownFileType = text.plist.xml; path = Info.plist; sourceTree = "<group>"; };
/* End PBXFileReference section */

/* Begin PBXFrameworksBuildPhase section */
		F30744481CF5E5E4002BADEC /* Frameworks */ = {
			isa = PBXFrameworksBuildPhase;
			buildActionMask = 2147483647;
			files = (
			);
			runOnlyForDeploymentPostprocessing = 0;
		};
		F307445C1CF5E5E5002BADEC /* Frameworks */ = {
			isa = PBXFrameworksBuildPhase;
			buildActionMask = 2147483647;
			files = (
			);
			runOnlyForDeploymentPostprocessing = 0;
		};
		F30744671CF5E5E5002BADEC /* Frameworks */ = {
			isa = PBXFrameworksBuildPhase;
			buildActionMask = 2147483647;
			files = (
			);
			runOnlyForDeploymentPostprocessing = 0;
		};
/* End PBXFrameworksBuildPhase section */

/* Begin PBXGroup section */
		F30744421CF5E5E4002BADEC = {
			isa = PBXGroup;
			children = (
				F307444D1CF5E5E4002BADEC /* Calculator */,
				F30744621CF5E5E5002BADEC /* CalculatorTests */,
				F307446D1CF5E5E5002BADEC /* CalculatorUITests */,
				F307444C1CF5E5E4002BADEC /* Products */,
			);
			sourceTree = "<group>";
		};
		F307444C1CF5E5E4002BADEC /* Products */ = {
			isa = PBXGroup;
			children = (
				F307444B1CF5E5E4002BADEC /* Calculator.app */,
				F307445F1CF5E5E5002BADEC /* CalculatorTests.xctest */,
				F307446A1CF5E5E5002BADEC /* CalculatorUITests.xctest */,
			);
			name = Products;
			sourceTree = "<group>";
		};
		F307444D1CF5E5E4002BADEC /* Calculator */ = {
			isa = PBXGroup;
			children = (
				F307444E1CF5E5E4002BADEC /* AppDelegate.swift */,
				F30744501CF5E5E4002BADEC /* ViewController.swift */,
				F30744521CF5E5E5002BADEC /* Main.storyboard */,
				F30744551CF5E5E5002BADEC /* Assets.xcassets */,
				F30744571CF5E5E5002BADEC /* LaunchScreen.storyboard */,
				F307445A1CF5E5E5002BADEC /* Info.plist */,
			);
			path = Calculator;
			sourceTree = "<group>";
		};
		F30744621CF5E5E5002BADEC /* CalculatorTests */ = {
			isa = PBXGroup;
			children = (
				F30744631CF5E5E5002BADEC /* CalculatorTests.swift */,
				F30744651CF5E5E5002BADEC /* Info.plist */,
			);
			path = CalculatorTests;
			sourceTree = "<group>";
		};
		F307446D1CF5E5E5002BADEC /* CalculatorUITests */ = {
			isa = PBXGroup;
			children = (
				F307446E1CF5E5E5002BADEC /* CalculatorUITests.swift */,
				F30744701CF5E5E5002BADEC /* Info.plist */,
			);
			path = CalculatorUITests;
			sourceTree = "<group>";
		};
/* End PBXGroup section */

/* Begin PBXNativeTarget section */
		F307444A1CF5E5E4002BADEC /* Calculator */ = {
			isa = PBXNativeTarget;
			buildConfigurationList = F30744731CF5E5E5002BADEC /* Build configuration list for PBXNativeTarget "Calculator" */;
			buildPhases = (
				F30744471CF5E5E4002BADEC /* Sources */,
				F30744481CF5E5E4002BADEC /* Frameworks */,
				F30744491CF5E5E4002BADEC /* Resources */,
			);
			buildRules = (
			);
			dependencies = (
			);
			name = Calculator;
			productName = Calculator;
			productReference = F307444B1CF5E5E4002BADEC /* Calculator.app */;
			productType = "com.apple.product-type.application";
		};
		F307445E1CF5E5E5002BADEC /* CalculatorTests */ = {
			isa = PBXNativeTarget;
			buildConfigurationList = F30744761CF5E5E5002BADEC /* Build configuration list for PBXNativeTarget "CalculatorTests" */;
			buildPhases = (
				F307445B1CF5E5E5002BADEC /* Sources */,
				F307445C1CF5E5E5002BADEC /* Frameworks */,
				F307445D1CF5E5E5002BADEC /* Resources */,
			);
			buildRules = (
			);
			dependencies = (
				F30744611CF5E5E5002BADEC /* PBXTargetDependency */,
			);
			name = CalculatorTests;
			productName = CalculatorTests;
			productReference = F307445F1CF5E5E5002BADEC /* CalculatorTests.xctest */;
			productType = "com.apple.product-type.bundle.unit-test";
		};
		F30744691CF5E5E5002BADEC /* CalculatorUITests */ = {
			isa = PBXNativeTarget;
			buildConfigurationList = F30744791CF5E5E5002BADEC /* Build configuration list for PBXNativeTarget "CalculatorUITests" */;
			buildPhases = (
				F30744661CF5E5E5002BADEC /* Sources */,
				F30744671CF5E5E5002BADEC /* Frameworks */,
				F30744681CF5E5E5002BADEC /* Resources */,
			);
			buildRules = (
			);
			dependencies = (
				F307446C1CF5E5E5002BADEC /* PBXTargetDependency */,
			);
			name = CalculatorUITests;
			productName = CalculatorUITests;
			productReference = F307446A1CF5E5E5002BADEC /* CalculatorUITests.xctest */;
			productType = "com.apple.product-type.bundle.ui-testing";
		};
/* End PBXNativeTarget section */

/* Begin PBXProject section */
		F30744431CF5E5E4002BADEC /* Project object */ = {
			isa = PBXProject;
			attributes = {
				LastSwiftUpdateCheck = 0730;
				LastUpgradeCheck = 0920;
				ORGANIZATIONNAME = "Vitaliy Kvas";
				TargetAttributes = {
					F307444A1CF5E5E4002BADEC = {
						CreatedOnToolsVersion = 7.3;
					};
					F307445E1CF5E5E5002BADEC = {
						CreatedOnToolsVersion = 7.3;
						DevelopmentTeam = TVM9H66DYV;
						TestTargetID = F307444A1CF5E5E4002BADEC;
					};
					F30744691CF5E5E5002BADEC = {
						CreatedOnToolsVersion = 7.3;
						DevelopmentTeam = TVM9H66DYV;
						TestTargetID = F307444A1CF5E5E4002BADEC;
					};
				};
			};
			buildConfigurationList = F30744461CF5E5E4002BADEC /* Build configuration list for PBXProject "Calculator" */;
			compatibilityVersion = "Xcode 8.0";
			developmentRegion = English;
			hasScannedForEncodings = 0;
			knownRegions = (
				en,
				Base,
			);
			mainGroup = F30744421CF5E5E4002BADEC;
			productRefGroup = F307444C1CF5E5E4002BADEC /* Products */;
			projectDirPath = "";
			projectRoot = "";
			targets = (
				F307444A1CF5E5E4002BADEC /* Calculator */,
				F307445E1CF5E5E5002BADEC /* CalculatorTests */,
				F30744691CF5E5E5002BADEC /* CalculatorUITests */,
			);
		};
/* End PBXProject section */

/* Begin PBXResourcesBuildPhase section */
		F30744491CF5E5E4002BADEC /* Resources */ = {
			isa = PBXResourcesBuildPhase;
			buildActionMask = 2147483647;
			files = (
				F30744591CF5E5E5002BADEC /* LaunchScreen.storyboard in Resources */,
				F30744561CF5E5E5002BADEC /* Assets.xcassets in Resources */,
				F30744541CF5E5E5002BADEC /* Main.storyboard in Resources */,
			);
			runOnlyForDeploymentPostprocessing = 0;
		};
		F307445D1CF5E5E5002BADEC /* Resources */ = {
			isa = PBXResourcesBuildPhase;
			buildActionMask = 2147483647;
			files = (
			);
			runOnlyForDeploymentPostprocessing = 0;
		};
		F30744681CF5E5E5002BADEC /* Resources */ = {
			isa = PBXResourcesBuildPhase;
			buildActionMask = 2147483647;
			files = (
			);
			runOnlyForDeploymentPostprocessing = 0;
		};
/* End PBXResourcesBuildPhase section */

/* Begin PBXSourcesBuildPhase section */
		F30744471CF5E5E4002BADEC /* Sources */ = {
			isa = PBXSourcesBuildPhase;
			buildActionMask = 2147483647;
			files = (
				F30744511CF5E5E4002BADEC /* ViewController.swift in Sources */,
				F307444F1CF5E5E4002BADEC /* AppDelegate.swift in Sources */,
			);
			runOnlyForDeploymentPostprocessing = 0;
		};
		F307445B1CF5E5E5002BADEC /* Sources */ = {
			isa = PBXSourcesBuildPhase;
			buildActionMask = 2147483647;
			files = (
				F30744641CF5E5E5002BADEC /* CalculatorTests.swift in Sources */,
			);
			runOnlyForDeploymentPostprocessing = 0;
		};
		F30744661CF5E5E5002BADEC /* Sources */ = {
			isa = PBXSourcesBuildPhase;
			buildActionMask = 2147483647;
			files = (
				F307446F1CF5E5E5002BADEC /* CalculatorUITests.swift in Sources */,
			);
			runOnlyForDeploymentPostprocessing = 0;
		};
/* End PBXSourcesBuildPhase section */

/* Begin PBXTargetDependency section */
		F30744611CF5E5E5002BADEC /* PBXTargetDependency */ = {
			isa = PBXTargetDependency;
			target = F307444A1CF5E5E4002BADEC /* Calculator */;
			targetProxy = F30744601CF5E5E5002BADEC /* PBXContainerItemProxy */;
		};
		F307446C1CF5E5E5002BADEC /* PBXTargetDependency */ = {
			isa = PBXTargetDependency;
			target = F307444A1CF5E5E4002BADEC /* Calculator */;
			targetProxy = F307446B1CF5E5E5002BADEC /* PBXContainerItemProxy */;
		};
/* End PBXTargetDependency section */

/* Begin PBXVariantGroup section */
		F30744521CF5E5E5002BADEC /* Main.storyboard */ = {
			isa = PBXVariantGroup;
			children = (
				F30744531CF5E5E5002BADEC /* Base */,
			);
			name = Main.storyboard;
			sourceTree = "<group>";
		};
		F30744571CF5E5E5002BADEC /* LaunchScreen.storyboard */ = {
			isa = PBXVariantGroup;
			children = (
				F30744581CF5E5E5002BADEC /* Base */,
			);
			name = LaunchScreen.storyboard;
			sourceTree = "<group>";
		};
/* End PBXVariantGroup section */

/* Begin XCBuildConfiguration section */
		F30744711CF5E5E5002BADEC /* Debug */ = {
			isa = XCBuildConfiguration;
			buildSettings = {
				ALWAYS_SEARCH_USER_PATHS = NO;
				CLANG_ANALYZER_NONNULL = YES;
				CLANG_CXX_LANGUAGE_STANDARD = "gnu++0x";
				CLANG_CXX_LIBRARY = "libc++";
				CLANG_ENABLE_MODULES = YES;
				CLANG_ENABLE_OBJC_ARC = YES;
				CLANG_WARN_BLOCK_CAPTURE_AUTORELEASING = YES;
				CLANG_WARN_BOOL_CONVERSION = YES;
				CLANG_WARN_COMMA = YES;
				CLANG_WARN_CONSTANT_CONVERSION = YES;
				CLANG_WARN_DIRECT_OBJC_ISA_USAGE = YES_ERROR;
				CLANG_WARN_EMPTY_BODY = YES;
				CLANG_WARN_ENUM_CONVERSION = YES;
				CLANG_WARN_INFINITE_RECURSION = YES;
				CLANG_WARN_INT_CONVERSION = YES;
				CLANG_WARN_NON_LITERAL_NULL_CONVERSION = YES;
				CLANG_WARN_OBJC_LITERAL_CONVERSION = YES;
				CLANG_WARN_OBJC_ROOT_CLASS = YES_ERROR;
				CLANG_WARN_RANGE_LOOP_ANALYSIS = YES;
				CLANG_WARN_STRICT_PROTOTYPES = YES;
				CLANG_WARN_SUSPICIOUS_MOVE = YES;
				CLANG_WARN_UNREACHABLE_CODE = YES;
				CLANG_WARN__DUPLICATE_METHOD_MATCH = YES;
				"CODE_SIGN_IDENTITY[sdk=iphoneos*]" = "iPhone Developer";
				COPY_PHASE_STRIP = NO;
				DEBUG_INFORMATION_FORMAT = dwarf;
				ENABLE_STRICT_OBJC_MSGSEND = YES;
				ENABLE_TESTABILITY = YES;
				GCC_C_LANGUAGE_STANDARD = gnu99;
				GCC_DYNAMIC_NO_PIC = NO;
				GCC_NO_COMMON_BLOCKS = YES;
				GCC_OPTIMIZATION_LEVEL = 0;
				GCC_PREPROCESSOR_DEFINITIONS = (
					"DEBUG=1",
					"$(inherited)",
				);
				GCC_WARN_64_TO_32_BIT_CONVERSION = YES;
				GCC_WARN_ABOUT_RETURN_TYPE = YES_ERROR;
				GCC_WARN_UNDECLARED_SELECTOR = YES;
				GCC_WARN_UNINITIALIZED_AUTOS = YES_AGGRESSIVE;
				GCC_WARN_UNUSED_FUNCTION = YES;
				GCC_WARN_UNUSED_VARIABLE = YES;
				IPHONEOS_DEPLOYMENT_TARGET = 9.3;
				MTL_ENABLE_DEBUG_INFO = YES;
				ONLY_ACTIVE_ARCH = YES;
				SDKROOT = iphoneos;
				SWIFT_OPTIMIZATION_LEVEL = "-Onone";
				TARGETED_DEVICE_FAMILY = "1,2";
			};
			name = Debug;
		};
		F30744721CF5E5E5002BADEC /* Release */ = {
			isa = XCBuildConfiguration;
			buildSettings = {
				ALWAYS_SEARCH_USER_PATHS = NO;
				CLANG_ANALYZER_NONNULL = YES;
				CLANG_CXX_LANGUAGE_STANDARD = "gnu++0x";
				CLANG_CXX_LIBRARY = "libc++";
				CLANG_ENABLE_MODULES = YES;
				CLANG_ENABLE_OBJC_ARC = YES;
				CLANG_WARN_BLOCK_CAPTURE_AUTORELEASING = YES;
				CLANG_WARN_BOOL_CONVERSION = YES;
				CLANG_WARN_COMMA = YES;
				CLANG_WARN_CONSTANT_CONVERSION = YES;
				CLANG_WARN_DIRECT_OBJC_ISA_USAGE = YES_ERROR;
				CLANG_WARN_EMPTY_BODY = YES;
				CLANG_WARN_ENUM_CONVERSION = YES;
				CLANG_WARN_INFINITE_RECURSION = YES;
				CLANG_WARN_INT_CONVERSION = YES;
				CLANG_WARN_NON_LITERAL_NULL_CONVERSION = YES;
				CLANG_WARN_OBJC_LITERAL_CONVERSION = YES;
				CLANG_WARN_OBJC_ROOT_CLASS = YES_ERROR;
				CLANG_WARN_RANGE_LOOP_ANALYSIS = YES;
				CLANG_WARN_STRICT_PROTOTYPES = YES;
				CLANG_WARN_SUSPICIOUS_MOVE = YES;
				CLANG_WARN_UNREACHABLE_CODE = YES;
				CLANG_WARN__DUPLICATE_METHOD_MATCH = YES;
				"CODE_SIGN_IDENTITY[sdk=iphoneos*]" = "iPhone Developer";
				COPY_PHASE_STRIP = NO;
				DEBUG_INFORMATION_FORMAT = "dwarf-with-dsym";
				ENABLE_NS_ASSERTIONS = NO;
				ENABLE_STRICT_OBJC_MSGSEND = YES;
				GCC_C_LANGUAGE_STANDARD = gnu99;
				GCC_NO_COMMON_BLOCKS = YES;
				GCC_WARN_64_TO_32_BIT_CONVERSION = YES;
				GCC_WARN_ABOUT_RETURN_TYPE = YES_ERROR;
				GCC_WARN_UNDECLARED_SELECTOR = YES;
				GCC_WARN_UNINITIALIZED_AUTOS = YES_AGGRESSIVE;
				GCC_WARN_UNUSED_FUNCTION = YES;
				GCC_WARN_UNUSED_VARIABLE = YES;
				IPHONEOS_DEPLOYMENT_TARGET = 9.3;
				MTL_ENABLE_DEBUG_INFO = NO;
				SDKROOT = iphoneos;
				SWIFT_OPTIMIZATION_LEVEL = "-Owholemodule";
				TARGETED_DEVICE_FAMILY = "1,2";
				VALIDATE_PRODUCT = YES;
			};
			name = Release;
		};
		F30744741CF5E5E5002BADEC /* Debug */ = {
			isa = XCBuildConfiguration;
			buildSettings = {
				ASSETCATALOG_COMPILER_APPICON_NAME = AppIcon;
				DEVELOPMENT_TEAM = "";
				INFOPLIST_FILE = Calculator/Info.plist;
				LD_RUNPATH_SEARCH_PATHS = "$(inherited) @executable_path/Frameworks";
				PRODUCT_BUNDLE_IDENTIFIER = MS.Calculator;
				PRODUCT_NAME = "$(TARGET_NAME)";
				SWIFT_VERSION = 4.0;
			};
			name = Debug;
		};
		F30744751CF5E5E5002BADEC /* Release */ = {
			isa = XCBuildConfiguration;
			buildSettings = {
				ASSETCATALOG_COMPILER_APPICON_NAME = AppIcon;
				DEVELOPMENT_TEAM = "";
				INFOPLIST_FILE = Calculator/Info.plist;
				LD_RUNPATH_SEARCH_PATHS = "$(inherited) @executable_path/Frameworks";
				PRODUCT_BUNDLE_IDENTIFIER = MS.Calculator;
				PRODUCT_NAME = "$(TARGET_NAME)";
				SWIFT_VERSION = 4.0;
			};
			name = Release;
		};
		F30744771CF5E5E5002BADEC /* Debug */ = {
			isa = XCBuildConfiguration;
			buildSettings = {
				BUNDLE_LOADER = "$(TEST_HOST)";
				INFOPLIST_FILE = CalculatorTests/Info.plist;
				LD_RUNPATH_SEARCH_PATHS = "$(inherited) @executable_path/Frameworks @loader_path/Frameworks";
				PRODUCT_BUNDLE_IDENTIFIER = MS.CalculatorTests;
				PRODUCT_NAME = "$(TARGET_NAME)";
				TEST_HOST = "$(BUILT_PRODUCTS_DIR)/Calculator.app/Calculator";
			};
			name = Debug;
		};
		F30744781CF5E5E5002BADEC /* Release */ = {
			isa = XCBuildConfiguration;
			buildSettings = {
				BUNDLE_LOADER = "$(TEST_HOST)";
				INFOPLIST_FILE = CalculatorTests/Info.plist;
				LD_RUNPATH_SEARCH_PATHS = "$(inherited) @executable_path/Frameworks @loader_path/Frameworks";
				PRODUCT_BUNDLE_IDENTIFIER = MS.CalculatorTests;
				PRODUCT_NAME = "$(TARGET_NAME)";
				TEST_HOST = "$(BUILT_PRODUCTS_DIR)/Calculator.app/Calculator";
			};
			name = Release;
		};
		F307447A1CF5E5E5002BADEC /* Debug */ = {
			isa = XCBuildConfiguration;
			buildSettings = {
				INFOPLIST_FILE = CalculatorUITests/Info.plist;
				LD_RUNPATH_SEARCH_PATHS = "$(inherited) @executable_path/Frameworks @loader_path/Frameworks";
				PRODUCT_BUNDLE_IDENTIFIER = MS.CalculatorUITests;
				PRODUCT_NAME = "$(TARGET_NAME)";
				TEST_TARGET_NAME = Calculator;
			};
			name = Debug;
		};
		F307447B1CF5E5E5002BADEC /* Release */ = {
			isa = XCBuildConfiguration;
			buildSettings = {
				INFOPLIST_FILE = CalculatorUITests/Info.plist;
				LD_RUNPATH_SEARCH_PATHS = "$(inherited) @executable_path/Frameworks @loader_path/Frameworks";
				PRODUCT_BUNDLE_IDENTIFIER = MS.CalculatorUITests;
				PRODUCT_NAME = "$(TARGET_NAME)";
				TEST_TARGET_NAME = Calculator;
			};
			name = Release;
		};
/* End XCBuildConfiguration section */

/* Begin XCConfigurationList section */
		F30744461CF5E5E4002BADEC /* Build configuration list for PBXProject "Calculator" */ = {
			isa = XCConfigurationList;
			buildConfigurations = (
				F30744711CF5E5E5002BADEC /* Debug */,
				F30744721CF5E5E5002BADEC /* Release */,
			);
			defaultConfigurationIsVisible = 0;
			defaultConfigurationName = Release;
		};
		F30744731CF5E5E5002BADEC /* Build configuration list for PBXNativeTarget "Calculator" */ = {
			isa = XCConfigurationList;
			buildConfigurations = (
				F30744741CF5E5E5002BADEC /* Debug */,
				F30744751CF5E5E5002BADEC /* Release */,
			);
			defaultConfigurationIsVisible = 0;
			defaultConfigurationName = Release;
		};
		F30744761CF5E5E5002BADEC /* Build configuration list for PBXNativeTarget "CalculatorTests" */ = {
			isa = XCConfigurationList;
			buildConfigurations = (
				F30744771CF5E5E5002BADEC /* Debug */,
				F30744781CF5E5E5002BADEC /* Release */,
			);
			defaultConfigurationIsVisible = 0;
			defaultConfigurationName = Release;
		};
		F30744791CF5E5E5002BADEC /* Build configuration list for PBXNativeTarget "CalculatorUITests" */ = {
			isa = XCConfigurationList;
			buildConfigurations = (
				F307447A1CF5E5E5002BADEC /* Debug */,
				F307447B1CF5E5E5002BADEC /* Release */,
			);
			defaultConfigurationIsVisible = 0;
			defaultConfigurationName = Release;
		};
/* End XCConfigurationList section */
	};
	rootObject = F30744431CF5E5E4002BADEC /* Project object */;
}
